
Microsoft Visual Studio Solution File, Format Version 12.00
# Visual Studio 15
VisualStudioVersion = 15.0.27428.2037
MinimumVisualStudioVersion = 10.0.40219.1
Project("{FAE04EC0-301F-11D3-BF4B-00C04F79EFBC}") = "ControllersAndActions", "ControllersAndActions\ControllersAndActions.csproj", "{90D72DFC-D9B2-442C-B52F-242A06203EA3}"
EndProject
Project("{FAE04EC0-301F-11D3-BF4B-00C04F79EFBC}") = "ControllersAndActions.Tests", "ControllersAndActions.Tests\ControllersAndActions.Tests.csproj", "{C2215CA6-06E2-4C95-B790-A68FF2F5668C}"
EndProject
Global
	GlobalSection(SolutionConfigurationPlatforms) = preSolution
		Debug|Any CPU = Debug|Any CPU
		Release|Any CPU = Release|Any CPU
	EndGlobalSection
	GlobalSection(ProjectConfigurationPlatforms) = postSolution
		{90D72DFC-D9B2-442C-B52F-242A06203EA3}.Debug|Any CPU.ActiveCfg = Debug|Any CPU
		{90D72DFC-D9B2-442C-B52F-242A06203EA3}.Debug|Any CPU.Build.0 = Debug|Any CPU
		{90D72DFC-D9B2-442C-B52F-242A06203EA3}.Release|Any CPU.ActiveCfg = Release|Any CPU
		{90D72DFC-D9B2-442C-B52F-242A06203EA3}.Release|Any CPU.Build.0 = Release|Any CPU
		{C2215CA6-06E2-4C95-B790-A68FF2F5668C}.Debug|Any CPU.ActiveCfg = Debug|Any CPU
		{C2215CA6-06E2-4C95-B790-A68FF2F5668C}.Debug|Any CPU.Build.0 = Debug|Any CPU
		{C2215CA6-06E2-4C95-B790-A68FF2F5668C}.Release|Any CPU.ActiveCfg = Release|Any CPU
		{C2215CA6-06E2-4C95-B790-A68FF2F5668C}.Release|Any CPU.Build.0 = Release|Any CPU
	EndGlobalSection
	GlobalSection(SolutionProperties) = preSolution
		HideSolutionNode = FALSE
	EndGlobalSection
	GlobalSection(ExtensibilityGlobals) = postSolution
		SolutionGuid = {77EE640A-1C6C-4AEA-B5FA-1D71DFA9FB54}
	EndGlobalSection
EndGlobal
